
Microsoft Visual Studio Solution File, Format Version 12.00
# Visual Studio Version 17
VisualStudioVersion = 17.5.33502.453
MinimumVisualStudioVersion = 10.0.40219.1
Project("{9A19103F-16F7-4668-BE54-9A1E7A4F7556}") = "projlib", "projlib\projlib.csproj", "{661DC3F4-4629-40E3-828C-750696D3F77D}"
EndProject
Project("{FAE04EC0-301F-11D3-BF4B-00C04F79EFBC}") = "projlibtest", "projlibtest\projlibtest.csproj", "{796A6C31-2A27-40EF-AEC2-21C3DF2FD9FD}"
EndProject
Project("{FAE04EC0-301F-11D3-BF4B-00C04F79EFBC}") = "projp", "projp\projp.csproj", "{AC5D8B8B-2779-4216-984F-BEB610B904D2}"
EndProject
Global
	GlobalSection(SolutionConfigurationPlatforms) = preSolution
		Debug|Any CPU = Debug|Any CPU
		Release|Any CPU = Release|Any CPU
	EndGlobalSection
	GlobalSection(ProjectConfigurationPlatforms) = postSolution
		{661DC3F4-4629-40E3-828C-750696D3F77D}.Debug|Any CPU.ActiveCfg = Debug|Any CPU
		{661DC3F4-4629-40E3-828C-750696D3F77D}.Debug|Any CPU.Build.0 = Debug|Any CPU
		{661DC3F4-4629-40E3-828C-750696D3F77D}.Release|Any CPU.ActiveCfg = Release|Any CPU
		{661DC3F4-4629-40E3-828C-750696D3F77D}.Release|Any CPU.Build.0 = Release|Any CPU
		{796A6C31-2A27-40EF-AEC2-21C3DF2FD9FD}.Debug|Any CPU.ActiveCfg = Debug|Any CPU
		{796A6C31-2A27-40EF-AEC2-21C3DF2FD9FD}.Debug|Any CPU.Build.0 = Debug|Any CPU
		{796A6C31-2A27-40EF-AEC2-21C3DF2FD9FD}.Release|Any CPU.ActiveCfg = Release|Any CPU
		{796A6C31-2A27-40EF-AEC2-21C3DF2FD9FD}.Release|Any CPU.Build.0 = Release|Any CPU
		{AC5D8B8B-2779-4216-984F-BEB610B904D2}.Debug|Any CPU.ActiveCfg = Debug|Any CPU
		{AC5D8B8B-2779-4216-984F-BEB610B904D2}.Debug|Any CPU.Build.0 = Debug|Any CPU
		{AC5D8B8B-2779-4216-984F-BEB610B904D2}.Release|Any CPU.ActiveCfg = Release|Any CPU
		{AC5D8B8B-2779-4216-984F-BEB610B904D2}.Release|Any CPU.Build.0 = Release|Any CPU
	EndGlobalSection
	GlobalSection(SolutionProperties) = preSolution
		HideSolutionNode = FALSE
	EndGlobalSection
	GlobalSection(ExtensibilityGlobals) = postSolution
		SolutionGuid = {B91F2E1F-152F-4C40-B155-B996444E8954}
	EndGlobalSection
EndGlobal
